
Microsoft Visual Studio Solution File, Format Version 12.00
# Visual Studio 15
VisualStudioVersion = 15.0.28307.438
MinimumVisualStudioVersion = 10.0.40219.1
Project("{FAE04EC0-301F-11D3-BF4B-00C04F79EFBC}") = "WeatherLibrary", "WeatherLibrary\WeatherLibrary.csproj", "{353E76D7-3FF5-4C53-A755-BB4D559A799C}"
EndProject
Global
	GlobalSection(SolutionConfigurationPlatforms) = preSolution
		Debug|Any CPU = Debug|Any CPU
		Release|Any CPU = Release|Any CPU
	EndGlobalSection
	GlobalSection(ProjectConfigurationPlatforms) = postSolution
		{353E76D7-3FF5-4C53-A755-BB4D559A799C}.Debug|Any CPU.ActiveCfg = Debug|Any CPU
		{353E76D7-3FF5-4C53-A755-BB4D559A799C}.Debug|Any CPU.Build.0 = Debug|Any CPU
		{353E76D7-3FF5-4C53-A755-BB4D559A799C}.Release|Any CPU.ActiveCfg = Release|Any CPU
		{353E76D7-3FF5-4C53-A755-BB4D559A799C}.Release|Any CPU.Build.0 = Release|Any CPU
	EndGlobalSection
	GlobalSection(SolutionProperties) = preSolution
		HideSolutionNode = FALSE
	EndGlobalSection
	GlobalSection(ExtensibilityGlobals) = postSolution
		SolutionGuid = {811B941E-BC4C-4654-9083-7AE378648ECD}
	EndGlobalSection
EndGlobal
